
Microsoft Visual Studio Solution File, Format Version 12.00
# Visual Studio Version 17
VisualStudioVersion = 17.0.31903.59
MinimumVisualStudioVersion = 10.0.40219.1
Project("{FAE04EC0-301F-11D3-BF4B-00C04F79EFBC}") = "ecommerce", "ecommerce\ecommerce.csproj", "{0A3B20AA-A3B2-4D8A-A0B0-3B5E6B557BA4}"
EndProject
Project("{FAE04EC0-301F-11D3-BF4B-00C04F79EFBC}") = "Domain", "Domain\Domain.csproj", "{726F5F8A-CCBE-4137-AAB2-DA16FA6900C4}"
EndProject
Project("{FAE04EC0-301F-11D3-BF4B-00C04F79EFBC}") = "Application", "Application\Application.csproj", "{A0ADA095-48FF-4E35-BFC5-9065C9B7E8FC}"
EndProject
Project("{FAE04EC0-301F-11D3-BF4B-00C04F79EFBC}") = "Infrastructure", "Infrastructure\Infrastructure.csproj", "{CD7424D1-E71B-47B7-A6DA-4E02624830C0}"
EndProject
Global
	GlobalSection(SolutionConfigurationPlatforms) = preSolution
		Debug|Any CPU = Debug|Any CPU
		Debug|x64 = Debug|x64
		Debug|x86 = Debug|x86
		Release|Any CPU = Release|Any CPU
		Release|x64 = Release|x64
		Release|x86 = Release|x86
	EndGlobalSection
	GlobalSection(ProjectConfigurationPlatforms) = postSolution
		{0A3B20AA-A3B2-4D8A-A0B0-3B5E6B557BA4}.Debug|Any CPU.ActiveCfg = Debug|Any CPU
		{0A3B20AA-A3B2-4D8A-A0B0-3B5E6B557BA4}.Debug|Any CPU.Build.0 = Debug|Any CPU
		{0A3B20AA-A3B2-4D8A-A0B0-3B5E6B557BA4}.Debug|x64.ActiveCfg = Debug|Any CPU
		{0A3B20AA-A3B2-4D8A-A0B0-3B5E6B557BA4}.Debug|x64.Build.0 = Debug|Any CPU
		{0A3B20AA-A3B2-4D8A-A0B0-3B5E6B557BA4}.Debug|x86.ActiveCfg = Debug|Any CPU
		{0A3B20AA-A3B2-4D8A-A0B0-3B5E6B557BA4}.Debug|x86.Build.0 = Debug|Any CPU
		{0A3B20AA-A3B2-4D8A-A0B0-3B5E6B557BA4}.Release|Any CPU.ActiveCfg = Release|Any CPU
		{0A3B20AA-A3B2-4D8A-A0B0-3B5E6B557BA4}.Release|Any CPU.Build.0 = Release|Any CPU
		{0A3B20AA-A3B2-4D8A-A0B0-3B5E6B557BA4}.Release|x64.ActiveCfg = Release|Any CPU
		{0A3B20AA-A3B2-4D8A-A0B0-3B5E6B557BA4}.Release|x64.Build.0 = Release|Any CPU
		{0A3B20AA-A3B2-4D8A-A0B0-3B5E6B557BA4}.Release|x86.ActiveCfg = Release|Any CPU
		{0A3B20AA-A3B2-4D8A-A0B0-3B5E6B557BA4}.Release|x86.Build.0 = Release|Any CPU
		{726F5F8A-CCBE-4137-AAB2-DA16FA6900C4}.Debug|Any CPU.ActiveCfg = Debug|Any CPU
		{726F5F8A-CCBE-4137-AAB2-DA16FA6900C4}.Debug|Any CPU.Build.0 = Debug|Any CPU
		{726F5F8A-CCBE-4137-AAB2-DA16FA6900C4}.Debug|x64.ActiveCfg = Debug|Any CPU
		{726F5F8A-CCBE-4137-AAB2-DA16FA6900C4}.Debug|x64.Build.0 = Debug|Any CPU
		{726F5F8A-CCBE-4137-AAB2-DA16FA6900C4}.Debug|x86.ActiveCfg = Debug|Any CPU
		{726F5F8A-CCBE-4137-AAB2-DA16FA6900C4}.Debug|x86.Build.0 = Debug|Any CPU
		{726F5F8A-CCBE-4137-AAB2-DA16FA6900C4}.Release|Any CPU.ActiveCfg = Release|Any CPU
		{726F5F8A-CCBE-4137-AAB2-DA16FA6900C4}.Release|Any CPU.Build.0 = Release|Any CPU
		{726F5F8A-CCBE-4137-AAB2-DA16FA6900C4}.Release|x64.ActiveCfg = Release|Any CPU
		{726F5F8A-CCBE-4137-AAB2-DA16FA6900C4}.Release|x64.Build.0 = Release|Any CPU
		{726F5F8A-CCBE-4137-AAB2-DA16FA6900C4}.Release|x86.ActiveCfg = Release|Any CPU
		{726F5F8A-CCBE-4137-AAB2-DA16FA6900C4}.Release|x86.Build.0 = Release|Any CPU
		{A0ADA095-48FF-4E35-BFC5-9065C9B7E8FC}.Debug|Any CPU.ActiveCfg = Debug|Any CPU
		{A0ADA095-48FF-4E35-BFC5-9065C9B7E8FC}.Debug|Any CPU.Build.0 = Debug|Any CPU
		{A0ADA095-48FF-4E35-BFC5-9065C9B7E8FC}.Debug|x64.ActiveCfg = Debug|Any CPU
		{A0ADA095-48FF-4E35-BFC5-9065C9B7E8FC}.Debug|x64.Build.0 = Debug|Any CPU
		{A0ADA095-48FF-4E35-BFC5-9065C9B7E8FC}.Debug|x86.ActiveCfg = Debug|Any CPU
		{A0ADA095-48FF-4E35-BFC5-9065C9B7E8FC}.Debug|x86.Build.0 = Debug|Any CPU
		{A0ADA095-48FF-4E35-BFC5-9065C9B7E8FC}.Release|Any CPU.ActiveCfg = Release|Any CPU
		{A0ADA095-48FF-4E35-BFC5-9065C9B7E8FC}.Release|Any CPU.Build.0 = Release|Any CPU
		{A0ADA095-48FF-4E35-BFC5-9065C9B7E8FC}.Release|x64.ActiveCfg = Release|Any CPU
		{A0ADA095-48FF-4E35-BFC5-9065C9B7E8FC}.Release|x64.Build.0 = Release|Any CPU
		{A0ADA095-48FF-4E35-BFC5-9065C9B7E8FC}.Release|x86.ActiveCfg = Release|Any CPU
		{A0ADA095-48FF-4E35-BFC5-9065C9B7E8FC}.Release|x86.Build.0 = Release|Any CPU
		{CD7424D1-E71B-47B7-A6DA-4E02624830C0}.Debug|Any CPU.ActiveCfg = Debug|Any CPU
		{CD7424D1-E71B-47B7-A6DA-4E02624830C0}.Debug|Any CPU.Build.0 = Debug|Any CPU
		{CD7424D1-E71B-47B7-A6DA-4E02624830C0}.Debug|x64.ActiveCfg = Debug|Any CPU
		{CD7424D1-E71B-47B7-A6DA-4E02624830C0}.Debug|x64.Build.0 = Debug|Any CPU
		{CD7424D1-E71B-47B7-A6DA-4E02624830C0}.Debug|x86.ActiveCfg = Debug|Any CPU
		{CD7424D1-E71B-47B7-A6DA-4E02624830C0}.Debug|x86.Build.0 = Debug|Any CPU
		{CD7424D1-E71B-47B7-A6DA-4E02624830C0}.Release|Any CPU.ActiveCfg = Release|Any CPU
		{CD7424D1-E71B-47B7-A6DA-4E02624830C0}.Release|Any CPU.Build.0 = Release|Any CPU
		{CD7424D1-E71B-47B7-A6DA-4E02624830C0}.Release|x64.ActiveCfg = Release|Any CPU
		{CD7424D1-E71B-47B7-A6DA-4E02624830C0}.Release|x64.Build.0 = Release|Any CPU
		{CD7424D1-E71B-47B7-A6DA-4E02624830C0}.Release|x86.ActiveCfg = Release|Any CPU
		{CD7424D1-E71B-47B7-A6DA-4E02624830C0}.Release|x86.Build.0 = Release|Any CPU
	EndGlobalSection
	GlobalSection(SolutionProperties) = preSolution
		HideSolutionNode = FALSE
	EndGlobalSection
EndGlobal
